
Microsoft Visual Studio Solution File, Format Version 12.00
# Visual Studio Version 16
VisualStudioVersion = 16.0.30907.101
MinimumVisualStudioVersion = 10.0.40219.1
Project("{FAE04EC0-301F-11D3-BF4B-00C04F79EFBC}") = "Logit", "Logit.csproj", "{AB54344E-53B9-4685-A6C2-5AE1FC64A116}"
EndProject
Global
	GlobalSection(SolutionConfigurationPlatforms) = preSolution
		Debug|Any CPU = Debug|Any CPU
		Release|Any CPU = Release|Any CPU
	EndGlobalSection
	GlobalSection(ProjectConfigurationPlatforms) = postSolution
		{AB54344E-53B9-4685-A6C2-5AE1FC64A116}.Debug|Any CPU.ActiveCfg = Debug|Any CPU
		{AB54344E-53B9-4685-A6C2-5AE1FC64A116}.Debug|Any CPU.Build.0 = Debug|Any CPU
		{AB54344E-53B9-4685-A6C2-5AE1FC64A116}.Release|Any CPU.ActiveCfg = Release|Any CPU
		{AB54344E-53B9-4685-A6C2-5AE1FC64A116}.Release|Any CPU.Build.0 = Release|Any CPU
	EndGlobalSection
	GlobalSection(SolutionProperties) = preSolution
		HideSolutionNode = FALSE
	EndGlobalSection
	GlobalSection(ExtensibilityGlobals) = postSolution
		SolutionGuid = {72FE4EE0-E1D9-4540-92C3-189199B40874}
	EndGlobalSection
EndGlobal
